// !$*UTF8*$!
{
	archiveVersion = 1;
	classes = {
	};
	objectVersion = 50;
	objects = {

/* Begin PBXBuildFile section */
		160061AB22E0DC5300F5318A /* CreateAccountVC.swift in Sources */ = {isa = PBXBuildFile; fileRef = 160061AA22E0DC5300F5318A /* CreateAccountVC.swift */; };
		160061AE22E1154700F5318A /* AuthService.swift in Sources */ = {isa = PBXBuildFile; fileRef = 160061AD22E1154700F5318A /* AuthService.swift */; };
		160061B022E11E5F00F5318A /* RoundedButton.swift in Sources */ = {isa = PBXBuildFile; fileRef = 160061AF22E11E5F00F5318A /* RoundedButton.swift */; };
		160DA20222E8CD3400731C9A /* UserDataService.swift in Sources */ = {isa = PBXBuildFile; fileRef = 160DA20122E8CD3400731C9A /* UserDataService.swift */; };
		160DA20422E8DE2F00731C9A /* AvatarPickerVC.swift in Sources */ = {isa = PBXBuildFile; fileRef = 160DA20322E8DE2F00731C9A /* AvatarPickerVC.swift */; };
		160DA20622E8E45900731C9A /* AvatarCell.swift in Sources */ = {isa = PBXBuildFile; fileRef = 160DA20522E8E45900731C9A /* AvatarCell.swift */; };
		160DA20822E9000200731C9A /* CircleImage.swift in Sources */ = {isa = PBXBuildFile; fileRef = 160DA20722E9000200731C9A /* CircleImage.swift */; };
		16F4304C22DFACC400944485 /* AppDelegate.swift in Sources */ = {isa = PBXBuildFile; fileRef = 16F4304B22DFACC400944485 /* AppDelegate.swift */; };
		16F4304E22DFACC400944485 /* ViewController.swift in Sources */ = {isa = PBXBuildFile; fileRef = 16F4304D22DFACC400944485 /* ViewController.swift */; };
		16F4305122DFACC400944485 /* Main.storyboard in Resources */ = {isa = PBXBuildFile; fileRef = 16F4304F22DFACC400944485 /* Main.storyboard */; };
		16F4305322DFACC500944485 /* Assets.xcassets in Resources */ = {isa = PBXBuildFile; fileRef = 16F4305222DFACC500944485 /* Assets.xcassets */; };
		16F4305622DFACC500944485 /* LaunchScreen.storyboard in Resources */ = {isa = PBXBuildFile; fileRef = 16F4305422DFACC500944485 /* LaunchScreen.storyboard */; };
		16F4306122DFB1CC00944485 /* SWRevealViewController.m in Sources */ = {isa = PBXBuildFile; fileRef = 16F4306022DFB1CC00944485 /* SWRevealViewController.m */; };
		16F4306622DFB41200944485 /* ChatVC.swift in Sources */ = {isa = PBXBuildFile; fileRef = 16F4306522DFB41200944485 /* ChatVC.swift */; };
		16F4306822DFB42300944485 /* ChannelVC.swift in Sources */ = {isa = PBXBuildFile; fileRef = 16F4306722DFB42300944485 /* ChannelVC.swift */; };
		16F4306A22DFB81500944485 /* GradientView.swift in Sources */ = {isa = PBXBuildFile; fileRef = 16F4306922DFB81500944485 /* GradientView.swift */; };
		16F4306D22DFC54200944485 /* Constants.swift in Sources */ = {isa = PBXBuildFile; fileRef = 16F4306C22DFC54200944485 /* Constants.swift */; };
		16F4306F22DFCB5E00944485 /* LoginVC.swift in Sources */ = {isa = PBXBuildFile; fileRef = 16F4306E22DFCB5E00944485 /* LoginVC.swift */; };
		B01608C1720165D1376F661C /* Pods_Thwack.framework in Frameworks */ = {isa = PBXBuildFile; fileRef = BA23D145E1B4A495465005C8 /* Pods_Thwack.framework */; };
/* End PBXBuildFile section */

/* Begin PBXFileReference section */
		160061AA22E0DC5300F5318A /* CreateAccountVC.swift */ = {isa = PBXFileReference; lastKnownFileType = sourcecode.swift; path = CreateAccountVC.swift; sourceTree = "<group>"; };
		160061AD22E1154700F5318A /* AuthService.swift */ = {isa = PBXFileReference; lastKnownFileType = sourcecode.swift; path = AuthService.swift; sourceTree = "<group>"; };
		160061AF22E11E5F00F5318A /* RoundedButton.swift */ = {isa = PBXFileReference; lastKnownFileType = sourcecode.swift; path = RoundedButton.swift; sourceTree = "<group>"; };
		160DA20122E8CD3400731C9A /* UserDataService.swift */ = {isa = PBXFileReference; lastKnownFileType = sourcecode.swift; path = UserDataService.swift; sourceTree = "<group>"; };
		160DA20322E8DE2F00731C9A /* AvatarPickerVC.swift */ = {isa = PBXFileReference; lastKnownFileType = sourcecode.swift; path = AvatarPickerVC.swift; sourceTree = "<group>"; };
		160DA20522E8E45900731C9A /* AvatarCell.swift */ = {isa = PBXFileReference; lastKnownFileType = sourcecode.swift; path = AvatarCell.swift; sourceTree = "<group>"; };
		160DA20722E9000200731C9A /* CircleImage.swift */ = {isa = PBXFileReference; lastKnownFileType = sourcecode.swift; path = CircleImage.swift; sourceTree = "<group>"; };
		16F4304822DFACC400944485 /* Thwack.app */ = {isa = PBXFileReference; explicitFileType = wrapper.application; includeInIndex = 0; path = Thwack.app; sourceTree = BUILT_PRODUCTS_DIR; };
		16F4304B22DFACC400944485 /* AppDelegate.swift */ = {isa = PBXFileReference; lastKnownFileType = sourcecode.swift; path = AppDelegate.swift; sourceTree = "<group>"; };
		16F4304D22DFACC400944485 /* ViewController.swift */ = {isa = PBXFileReference; lastKnownFileType = sourcecode.swift; path = ViewController.swift; sourceTree = "<group>"; };
		16F4305022DFACC400944485 /* Base */ = {isa = PBXFileReference; lastKnownFileType = file.storyboard; name = Base; path = Base.lproj/Main.storyboard; sourceTree = "<group>"; };
		16F4305222DFACC500944485 /* Assets.xcassets */ = {isa = PBXFileReference; lastKnownFileType = folder.assetcatalog; path = Assets.xcassets; sourceTree = "<group>"; };
		16F4305522DFACC500944485 /* Base */ = {isa = PBXFileReference; lastKnownFileType = file.storyboard; name = Base; path = Base.lproj/LaunchScreen.storyboard; sourceTree = "<group>"; };
		16F4305722DFACC500944485 /* Info.plist */ = {isa = PBXFileReference; lastKnownFileType = text.plist.xml; path = Info.plist; sourceTree = "<group>"; };
		16F4305E22DFB1CB00944485 /* Thwack-Bridging-Header.h */ = {isa = PBXFileReference; lastKnownFileType = sourcecode.c.h; path = "Thwack-Bridging-Header.h"; sourceTree = "<group>"; };
		16F4305F22DFB1CC00944485 /* SWRevealViewController.h */ = {isa = PBXFileReference; fileEncoding = 4; lastKnownFileType = sourcecode.c.h; path = SWRevealViewController.h; sourceTree = "<group>"; };
		16F4306022DFB1CC00944485 /* SWRevealViewController.m */ = {isa = PBXFileReference; fileEncoding = 4; lastKnownFileType = sourcecode.c.objc; path = SWRevealViewController.m; sourceTree = "<group>"; };
		16F4306522DFB41200944485 /* ChatVC.swift */ = {isa = PBXFileReference; lastKnownFileType = sourcecode.swift; path = ChatVC.swift; sourceTree = "<group>"; };
		16F4306722DFB42300944485 /* ChannelVC.swift */ = {isa = PBXFileReference; lastKnownFileType = sourcecode.swift; path = ChannelVC.swift; sourceTree = "<group>"; };
		16F4306922DFB81500944485 /* GradientView.swift */ = {isa = PBXFileReference; lastKnownFileType = sourcecode.swift; path = GradientView.swift; sourceTree = "<group>"; };
		16F4306C22DFC54200944485 /* Constants.swift */ = {isa = PBXFileReference; lastKnownFileType = sourcecode.swift; path = Constants.swift; sourceTree = "<group>"; };
		16F4306E22DFCB5E00944485 /* LoginVC.swift */ = {isa = PBXFileReference; lastKnownFileType = sourcecode.swift; path = LoginVC.swift; sourceTree = "<group>"; };
		ACBFDC7AC4C4F6DFAFBD8036 /* Pods-Thwack.release.xcconfig */ = {isa = PBXFileReference; includeInIndex = 1; lastKnownFileType = text.xcconfig; name = "Pods-Thwack.release.xcconfig"; path = "Pods/Target Support Files/Pods-Thwack/Pods-Thwack.release.xcconfig"; sourceTree = "<group>"; };
		BA23D145E1B4A495465005C8 /* Pods_Thwack.framework */ = {isa = PBXFileReference; explicitFileType = wrapper.framework; includeInIndex = 0; path = Pods_Thwack.framework; sourceTree = BUILT_PRODUCTS_DIR; };
		BAE195756AC6FA6359B76222 /* Pods-Thwack.debug.xcconfig */ = {isa = PBXFileReference; includeInIndex = 1; lastKnownFileType = text.xcconfig; name = "Pods-Thwack.debug.xcconfig"; path = "Pods/Target Support Files/Pods-Thwack/Pods-Thwack.debug.xcconfig"; sourceTree = "<group>"; };
/* End PBXFileReference section */

/* Begin PBXFrameworksBuildPhase section */
		16F4304522DFACC400944485 /* Frameworks */ = {
			isa = PBXFrameworksBuildPhase;
			buildActionMask = 2147483647;
			files = (
				B01608C1720165D1376F661C /* Pods_Thwack.framework in Frameworks */,
			);
			runOnlyForDeploymentPostprocessing = 0;
		};
/* End PBXFrameworksBuildPhase section */

/* Begin PBXGroup section */
		160061AC22E1152C00F5318A /* Services */ = {
			isa = PBXGroup;
			children = (
				160061AD22E1154700F5318A /* AuthService.swift */,
				160DA20122E8CD3400731C9A /* UserDataService.swift */,
			);
			path = Services;
			sourceTree = "<group>";
		};
		16F4303F22DFACC400944485 = {
			isa = PBXGroup;
			children = (
				16F4304A22DFACC400944485 /* Thwack */,
				16F4304922DFACC400944485 /* Products */,
				AA0245FB27B992D914064599 /* Pods */,
				20D52E64008E3301C7D1540C /* Frameworks */,
			);
			sourceTree = "<group>";
		};
		16F4304922DFACC400944485 /* Products */ = {
			isa = PBXGroup;
			children = (
				16F4304822DFACC400944485 /* Thwack.app */,
			);
			name = Products;
			sourceTree = "<group>";
		};
		16F4304A22DFACC400944485 /* Thwack */ = {
			isa = PBXGroup;
			children = (
				160061AC22E1152C00F5318A /* Services */,
				16F4306B22DFC53000944485 /* Utilities */,
				16F4306422DFB3EB00944485 /* Group */,
				16F4306322DFB3E400944485 /* View */,
				16F4306222DFB3D300944485 /* Contoller */,
				16F4305D22DFB1B500944485 /* Supporting Files */,
				16F4304B22DFACC400944485 /* AppDelegate.swift */,
				16F4304D22DFACC400944485 /* ViewController.swift */,
				16F4304F22DFACC400944485 /* Main.storyboard */,
				16F4305222DFACC500944485 /* Assets.xcassets */,
				16F4305422DFACC500944485 /* LaunchScreen.storyboard */,
				16F4305722DFACC500944485 /* Info.plist */,
			);
			path = Thwack;
			sourceTree = "<group>";
		};
		16F4305D22DFB1B500944485 /* Supporting Files */ = {
			isa = PBXGroup;
			children = (
				16F4305F22DFB1CC00944485 /* SWRevealViewController.h */,
				16F4306022DFB1CC00944485 /* SWRevealViewController.m */,
				16F4305E22DFB1CB00944485 /* Thwack-Bridging-Header.h */,
			);
			path = "Supporting Files";
			sourceTree = "<group>";
		};
		16F4306222DFB3D300944485 /* Contoller */ = {
			isa = PBXGroup;
			children = (
				16F4306522DFB41200944485 /* ChatVC.swift */,
				16F4306722DFB42300944485 /* ChannelVC.swift */,
				16F4306E22DFCB5E00944485 /* LoginVC.swift */,
				160061AA22E0DC5300F5318A /* CreateAccountVC.swift */,
				160DA20322E8DE2F00731C9A /* AvatarPickerVC.swift */,
			);
			path = Contoller;
			sourceTree = "<group>";
		};
		16F4306322DFB3E400944485 /* View */ = {
			isa = PBXGroup;
			children = (
				16F4306922DFB81500944485 /* GradientView.swift */,
				160061AF22E11E5F00F5318A /* RoundedButton.swift */,
				160DA20522E8E45900731C9A /* AvatarCell.swift */,
				160DA20722E9000200731C9A /* CircleImage.swift */,
			);
			path = View;
			sourceTree = "<group>";
		};
		16F4306422DFB3EB00944485 /* Group */ = {
			isa = PBXGroup;
			children = (
			);
			path = Group;
			sourceTree = "<group>";
		};
		16F4306B22DFC53000944485 /* Utilities */ = {
			isa = PBXGroup;
			children = (
				16F4306C22DFC54200944485 /* Constants.swift */,
			);
			path = Utilities;
			sourceTree = "<group>";
		};
		20D52E64008E3301C7D1540C /* Frameworks */ = {
			isa = PBXGroup;
			children = (
				BA23D145E1B4A495465005C8 /* Pods_Thwack.framework */,
			);
			name = Frameworks;
			sourceTree = "<group>";
		};
		AA0245FB27B992D914064599 /* Pods */ = {
			isa = PBXGroup;
			children = (
				BAE195756AC6FA6359B76222 /* Pods-Thwack.debug.xcconfig */,
				ACBFDC7AC4C4F6DFAFBD8036 /* Pods-Thwack.release.xcconfig */,
			);
			name = Pods;
			sourceTree = "<group>";
		};
/* End PBXGroup section */

/* Begin PBXNativeTarget section */
		16F4304722DFACC400944485 /* Thwack */ = {
			isa = PBXNativeTarget;
			buildConfigurationList = 16F4305A22DFACC500944485 /* Build configuration list for PBXNativeTarget "Thwack" */;
			buildPhases = (
				03C9A4671D7AA38907222471 /* [CP] Check Pods Manifest.lock */,
				16F4304422DFACC400944485 /* Sources */,
				16F4304522DFACC400944485 /* Frameworks */,
				16F4304622DFACC400944485 /* Resources */,
				56D25EF8C01D4BA793F8CF99 /* [CP] Embed Pods Frameworks */,
			);
			buildRules = (
			);
			dependencies = (
			);
			name = Thwack;
			productName = Thwack;
			productReference = 16F4304822DFACC400944485 /* Thwack.app */;
			productType = "com.apple.product-type.application";
		};
/* End PBXNativeTarget section */

/* Begin PBXProject section */
		16F4304022DFACC400944485 /* Project object */ = {
			isa = PBXProject;
			attributes = {
				LastSwiftUpdateCheck = 1020;
				LastUpgradeCheck = 1020;
				ORGANIZATIONNAME = "Scott Kriss";
				TargetAttributes = {
					16F4304722DFACC400944485 = {
						CreatedOnToolsVersion = 10.2.1;
						LastSwiftMigration = 1020;
					};
				};
			};
			buildConfigurationList = 16F4304322DFACC400944485 /* Build configuration list for PBXProject "Thwack" */;
			compatibilityVersion = "Xcode 9.3";
			developmentRegion = en;
			hasScannedForEncodings = 0;
			knownRegions = (
				en,
				Base,
			);
			mainGroup = 16F4303F22DFACC400944485;
			productRefGroup = 16F4304922DFACC400944485 /* Products */;
			projectDirPath = "";
			projectRoot = "";
			targets = (
				16F4304722DFACC400944485 /* Thwack */,
			);
		};
/* End PBXProject section */

/* Begin PBXResourcesBuildPhase section */
		16F4304622DFACC400944485 /* Resources */ = {
			isa = PBXResourcesBuildPhase;
			buildActionMask = 2147483647;
			files = (
				16F4305622DFACC500944485 /* LaunchScreen.storyboard in Resources */,
				16F4305322DFACC500944485 /* Assets.xcassets in Resources */,
				16F4305122DFACC400944485 /* Main.storyboard in Resources */,
			);
			runOnlyForDeploymentPostprocessing = 0;
		};
/* End PBXResourcesBuildPhase section */

/* Begin PBXShellScriptBuildPhase section */
		03C9A4671D7AA38907222471 /* [CP] Check Pods Manifest.lock */ = {
			isa = PBXShellScriptBuildPhase;
			buildActionMask = 2147483647;
			files = (
			);
			inputPaths = (
				"${PODS_PODFILE_DIR_PATH}/Podfile.lock",
				"${PODS_ROOT}/Manifest.lock",
			);
			name = "[CP] Check Pods Manifest.lock";
			outputPaths = (
				"$(DERIVED_FILE_DIR)/Pods-Thwack-checkManifestLockResult.txt",
			);
			runOnlyForDeploymentPostprocessing = 0;
			shellPath = /bin/sh;
			shellScript = "diff \"${PODS_PODFILE_DIR_PATH}/Podfile.lock\" \"${PODS_ROOT}/Manifest.lock\" > /dev/null\nif [ $? != 0 ] ; then\n    # print error to STDERR\n    echo \"error: The sandbox is not in sync with the Podfile.lock. Run 'pod install' or update your CocoaPods installation.\" >&2\n    exit 1\nfi\n# This output is used by Xcode 'outputs' to avoid re-running this script phase.\necho \"SUCCESS\" > \"${SCRIPT_OUTPUT_FILE_0}\"\n";
			showEnvVarsInLog = 0;
		};
		56D25EF8C01D4BA793F8CF99 /* [CP] Embed Pods Frameworks */ = {
			isa = PBXShellScriptBuildPhase;
			buildActionMask = 2147483647;
			files = (
			);
			inputPaths = (
				"${SRCROOT}/Pods/Target Support Files/Pods-Thwack/Pods-Thwack-frameworks.sh",
				"${BUILT_PRODUCTS_DIR}/Alamofire/Alamofire.framework",
				"${BUILT_PRODUCTS_DIR}/Socket.IO-Client-Swift/SocketIO.framework",
				"${BUILT_PRODUCTS_DIR}/Starscream/Starscream.framework",
				"${BUILT_PRODUCTS_DIR}/SwiftyJSON/SwiftyJSON.framework",
			);
			name = "[CP] Embed Pods Frameworks";
			outputPaths = (
				"${TARGET_BUILD_DIR}/${FRAMEWORKS_FOLDER_PATH}/Alamofire.framework",
				"${TARGET_BUILD_DIR}/${FRAMEWORKS_FOLDER_PATH}/SocketIO.framework",
				"${TARGET_BUILD_DIR}/${FRAMEWORKS_FOLDER_PATH}/Starscream.framework",
				"${TARGET_BUILD_DIR}/${FRAMEWORKS_FOLDER_PATH}/SwiftyJSON.framework",
			);
			runOnlyForDeploymentPostprocessing = 0;
			shellPath = /bin/sh;
			shellScript = "\"${SRCROOT}/Pods/Target Support Files/Pods-Thwack/Pods-Thwack-frameworks.sh\"\n";
			showEnvVarsInLog = 0;
		};
/* End PBXShellScriptBuildPhase section */

/* Begin PBXSourcesBuildPhase section */
		16F4304422DFACC400944485 /* Sources */ = {
			isa = PBXSourcesBuildPhase;
			buildActionMask = 2147483647;
			files = (
				16F4306622DFB41200944485 /* ChatVC.swift in Sources */,
				16F4304E22DFACC400944485 /* ViewController.swift in Sources */,
				160DA20622E8E45900731C9A /* AvatarCell.swift in Sources */,
				16F4306F22DFCB5E00944485 /* LoginVC.swift in Sources */,
				16F4306A22DFB81500944485 /* GradientView.swift in Sources */,
				16F4304C22DFACC400944485 /* AppDelegate.swift in Sources */,
				160061AB22E0DC5300F5318A /* CreateAccountVC.swift in Sources */,
				160DA20222E8CD3400731C9A /* UserDataService.swift in Sources */,
				160061B022E11E5F00F5318A /* RoundedButton.swift in Sources */,
				16F4306D22DFC54200944485 /* Constants.swift in Sources */,
				160061AE22E1154700F5318A /* AuthService.swift in Sources */,
				16F4306122DFB1CC00944485 /* SWRevealViewController.m in Sources */,
				16F4306822DFB42300944485 /* ChannelVC.swift in Sources */,
				160DA20422E8DE2F00731C9A /* AvatarPickerVC.swift in Sources */,
				160DA20822E9000200731C9A /* CircleImage.swift in Sources */,
			);
			runOnlyForDeploymentPostprocessing = 0;
		};
/* End PBXSourcesBuildPhase section */

/* Begin PBXVariantGroup section */
		16F4304F22DFACC400944485 /* Main.storyboard */ = {
			isa = PBXVariantGroup;
			children = (
				16F4305022DFACC400944485 /* Base */,
			);
			name = Main.storyboard;
			sourceTree = "<group>";
		};
		16F4305422DFACC500944485 /* LaunchScreen.storyboard */ = {
			isa = PBXVariantGroup;
			children = (
				16F4305522DFACC500944485 /* Base */,
			);
			name = LaunchScreen.storyboard;
			sourceTree = "<group>";
		};
/* End PBXVariantGroup section */

/* Begin XCBuildConfiguration section */
		16F4305822DFACC500944485 /* Debug */ = {
			isa = XCBuildConfiguration;
			buildSettings = {
				ALWAYS_SEARCH_USER_PATHS = NO;
				CLANG_ANALYZER_NONNULL = YES;
				CLANG_ANALYZER_NUMBER_OBJECT_CONVERSION = YES_AGGRESSIVE;
				CLANG_CXX_LANGUAGE_STANDARD = "gnu++14";
				CLANG_CXX_LIBRARY = "libc++";
				CLANG_ENABLE_MODULES = YES;
				CLANG_ENABLE_OBJC_ARC = YES;
				CLANG_ENABLE_OBJC_WEAK = YES;
				CLANG_WARN_BLOCK_CAPTURE_AUTORELEASING = YES;
				CLANG_WARN_BOOL_CONVERSION = YES;
				CLANG_WARN_COMMA = YES;
				CLANG_WARN_CONSTANT_CONVERSION = YES;
				CLANG_WARN_DEPRECATED_OBJC_IMPLEMENTATIONS = YES;
				CLANG_WARN_DIRECT_OBJC_ISA_USAGE = YES_ERROR;
				CLANG_WARN_DOCUMENTATION_COMMENTS = YES;
				CLANG_WARN_EMPTY_BODY = YES;
				CLANG_WARN_ENUM_CONVERSION = YES;
				CLANG_WARN_INFINITE_RECURSION = YES;
				CLANG_WARN_INT_CONVERSION = YES;
				CLANG_WARN_NON_LITERAL_NULL_CONVERSION = YES;
				CLANG_WARN_OBJC_IMPLICIT_RETAIN_SELF = YES;
				CLANG_WARN_OBJC_LITERAL_CONVERSION = YES;
				CLANG_WARN_OBJC_ROOT_CLASS = YES_ERROR;
				CLANG_WARN_RANGE_LOOP_ANALYSIS = YES;
				CLANG_WARN_STRICT_PROTOTYPES = YES;
				CLANG_WARN_SUSPICIOUS_MOVE = YES;
				CLANG_WARN_UNGUARDED_AVAILABILITY = YES_AGGRESSIVE;
				CLANG_WARN_UNREACHABLE_CODE = YES;
				CLANG_WARN__DUPLICATE_METHOD_MATCH = YES;
				CODE_SIGN_IDENTITY = "iPhone Developer";
				COPY_PHASE_STRIP = NO;
				DEBUG_INFORMATION_FORMAT = dwarf;
				ENABLE_STRICT_OBJC_MSGSEND = YES;
				ENABLE_TESTABILITY = YES;
				GCC_C_LANGUAGE_STANDARD = gnu11;
				GCC_DYNAMIC_NO_PIC = NO;
				GCC_NO_COMMON_BLOCKS = YES;
				GCC_OPTIMIZATION_LEVEL = 0;
				GCC_PREPROCESSOR_DEFINITIONS = (
					"DEBUG=1",
					"$(inherited)",
				);
				GCC_WARN_64_TO_32_BIT_CONVERSION = YES;
				GCC_WARN_ABOUT_RETURN_TYPE = YES_ERROR;
				GCC_WARN_UNDECLARED_SELECTOR = YES;
				GCC_WARN_UNINITIALIZED_AUTOS = YES_AGGRESSIVE;
				GCC_WARN_UNUSED_FUNCTION = YES;
				GCC_WARN_UNUSED_VARIABLE = YES;
				IPHONEOS_DEPLOYMENT_TARGET = 12.2;
				MTL_ENABLE_DEBUG_INFO = INCLUDE_SOURCE;
				MTL_FAST_MATH = YES;
				ONLY_ACTIVE_ARCH = YES;
				SDKROOT = iphoneos;
				SWIFT_ACTIVE_COMPILATION_CONDITIONS = DEBUG;
				SWIFT_OPTIMIZATION_LEVEL = "-Onone";
			};
			name = Debug;
		};
		16F4305922DFACC500944485 /* Release */ = {
			isa = XCBuildConfiguration;
			buildSettings = {
				ALWAYS_SEARCH_USER_PATHS = NO;
				CLANG_ANALYZER_NONNULL = YES;
				CLANG_ANALYZER_NUMBER_OBJECT_CONVERSION = YES_AGGRESSIVE;
				CLANG_CXX_LANGUAGE_STANDARD = "gnu++14";
				CLANG_CXX_LIBRARY = "libc++";
				CLANG_ENABLE_MODULES = YES;
				CLANG_ENABLE_OBJC_ARC = YES;
				CLANG_ENABLE_OBJC_WEAK = YES;
				CLANG_WARN_BLOCK_CAPTURE_AUTORELEASING = YES;
				CLANG_WARN_BOOL_CONVERSION = YES;
				CLANG_WARN_COMMA = YES;
				CLANG_WARN_CONSTANT_CONVERSION = YES;
				CLANG_WARN_DEPRECATED_OBJC_IMPLEMENTATIONS = YES;
				CLANG_WARN_DIRECT_OBJC_ISA_USAGE = YES_ERROR;
				CLANG_WARN_DOCUMENTATION_COMMENTS = YES;
				CLANG_WARN_EMPTY_BODY = YES;
				CLANG_WARN_ENUM_CONVERSION = YES;
				CLANG_WARN_INFINITE_RECURSION = YES;
				CLANG_WARN_INT_CONVERSION = YES;
				CLANG_WARN_NON_LITERAL_NULL_CONVERSION = YES;
				CLANG_WARN_OBJC_IMPLICIT_RETAIN_SELF = YES;
				CLANG_WARN_OBJC_LITERAL_CONVERSION = YES;
				CLANG_WARN_OBJC_ROOT_CLASS = YES_ERROR;
				CLANG_WARN_RANGE_LOOP_ANALYSIS = YES;
				CLANG_WARN_STRICT_PROTOTYPES = YES;
				CLANG_WARN_SUSPICIOUS_MOVE = YES;
				CLANG_WARN_UNGUARDED_AVAILABILITY = YES_AGGRESSIVE;
				CLANG_WARN_UNREACHABLE_CODE = YES;
				CLANG_WARN__DUPLICATE_METHOD_MATCH = YES;
				CODE_SIGN_IDENTITY = "iPhone Developer";
				COPY_PHASE_STRIP = NO;
				DEBUG_INFORMATION_FORMAT = "dwarf-with-dsym";
				ENABLE_NS_ASSERTIONS = NO;
				ENABLE_STRICT_OBJC_MSGSEND = YES;
				GCC_C_LANGUAGE_STANDARD = gnu11;
				GCC_NO_COMMON_BLOCKS = YES;
				GCC_WARN_64_TO_32_BIT_CONVERSION = YES;
				GCC_WARN_ABOUT_RETURN_TYPE = YES_ERROR;
				GCC_WARN_UNDECLARED_SELECTOR = YES;
				GCC_WARN_UNINITIALIZED_AUTOS = YES_AGGRESSIVE;
				GCC_WARN_UNUSED_FUNCTION = YES;
				GCC_WARN_UNUSED_VARIABLE = YES;
				IPHONEOS_DEPLOYMENT_TARGET = 12.2;
				MTL_ENABLE_DEBUG_INFO = NO;
				MTL_FAST_MATH = YES;
				SDKROOT = iphoneos;
				SWIFT_COMPILATION_MODE = wholemodule;
				SWIFT_OPTIMIZATION_LEVEL = "-O";
				VALIDATE_PRODUCT = YES;
			};
			name = Release;
		};
		16F4305B22DFACC500944485 /* Debug */ = {
			isa = XCBuildConfiguration;
			baseConfigurationReference = BAE195756AC6FA6359B76222 /* Pods-Thwack.debug.xcconfig */;
			buildSettings = {
				ASSETCATALOG_COMPILER_APPICON_NAME = AppIcon;
				CLANG_ENABLE_MODULES = YES;
				CODE_SIGN_STYLE = Automatic;
				DEVELOPMENT_TEAM = 6QK74KTAZV;
				INFOPLIST_FILE = Thwack/Info.plist;
				LD_RUNPATH_SEARCH_PATHS = (
					"$(inherited)",
					"@executable_path/Frameworks",
				);
				PRODUCT_BUNDLE_IDENTIFIER = com.happygiraffe.Thwack;
				PRODUCT_NAME = "$(TARGET_NAME)";
				SWIFT_OBJC_BRIDGING_HEADER = "Thwack/Supporting Files/Thwack-Bridging-Header.h";
				SWIFT_OPTIMIZATION_LEVEL = "-Onone";
				SWIFT_VERSION = 5.0;
				TARGETED_DEVICE_FAMILY = "1,2";
			};
			name = Debug;
		};
		16F4305C22DFACC500944485 /* Release */ = {
			isa = XCBuildConfiguration;
			baseConfigurationReference = ACBFDC7AC4C4F6DFAFBD8036 /* Pods-Thwack.release.xcconfig */;
			buildSettings = {
				ASSETCATALOG_COMPILER_APPICON_NAME = AppIcon;
				CLANG_ENABLE_MODULES = YES;
				CODE_SIGN_STYLE = Automatic;
				DEVELOPMENT_TEAM = 6QK74KTAZV;
				INFOPLIST_FILE = Thwack/Info.plist;
				LD_RUNPATH_SEARCH_PATHS = (
					"$(inherited)",
					"@executable_path/Frameworks",
				);
				PRODUCT_BUNDLE_IDENTIFIER = com.happygiraffe.Thwack;
				PRODUCT_NAME = "$(TARGET_NAME)";
				SWIFT_OBJC_BRIDGING_HEADER = "Thwack/Supporting Files/Thwack-Bridging-Header.h";
				SWIFT_VERSION = 5.0;
				TARGETED_DEVICE_FAMILY = "1,2";
			};
			name = Release;
		};
/* End XCBuildConfiguration section */

/* Begin XCConfigurationList section */
		16F4304322DFACC400944485 /* Build configuration list for PBXProject "Thwack" */ = {
			isa = XCConfigurationList;
			buildConfigurations = (
				16F4305822DFACC500944485 /* Debug */,
				16F4305922DFACC500944485 /* Release */,
			);
			defaultConfigurationIsVisible = 0;
			defaultConfigurationName = Release;
		};
		16F4305A22DFACC500944485 /* Build configuration list for PBXNativeTarget "Thwack" */ = {
			isa = XCConfigurationList;
			buildConfigurations = (
				16F4305B22DFACC500944485 /* Debug */,
				16F4305C22DFACC500944485 /* Release */,
			);
			defaultConfigurationIsVisible = 0;
			defaultConfigurationName = Release;
		};
/* End XCConfigurationList section */
	};
	rootObject = 16F4304022DFACC400944485 /* Project object */;
}
